
Microsoft Visual Studio Solution File, Format Version 12.00
# Visual Studio Version 16
VisualStudioVersion = 16.0.31402.337
MinimumVisualStudioVersion = 10.0.40219.1
Project("{FAE04EC0-301F-11D3-BF4B-00C04F79EFBC}") = "UnderwaterAudioMusicManagerApp", "UnderwaterAudioMusicManagerApp\UnderwaterAudioMusicManagerApp.csproj", "{55017DBF-F195-483E-82EC-5DE047FD4299}"
EndProject
Global
	GlobalSection(SolutionConfigurationPlatforms) = preSolution
		Debug|Any CPU = Debug|Any CPU
		Release|Any CPU = Release|Any CPU
	EndGlobalSection
	GlobalSection(ProjectConfigurationPlatforms) = postSolution
		{55017DBF-F195-483E-82EC-5DE047FD4299}.Debug|Any CPU.ActiveCfg = Debug|Any CPU
		{55017DBF-F195-483E-82EC-5DE047FD4299}.Debug|Any CPU.Build.0 = Debug|Any CPU
		{55017DBF-F195-483E-82EC-5DE047FD4299}.Release|Any CPU.ActiveCfg = Release|Any CPU
		{55017DBF-F195-483E-82EC-5DE047FD4299}.Release|Any CPU.Build.0 = Release|Any CPU
	EndGlobalSection
	GlobalSection(SolutionProperties) = preSolution
		HideSolutionNode = FALSE
	EndGlobalSection
	GlobalSection(ExtensibilityGlobals) = postSolution
		SolutionGuid = {B4D97BFC-87C9-476B-A8FD-96C2139042B0}
	EndGlobalSection
EndGlobal
